
Microsoft Visual Studio Solution File, Format Version 12.00
# Visual Studio Version 17
VisualStudioVersion = 17.14.36401.2 d17.14
MinimumVisualStudioVersion = 10.0.40219.1
Project("{FAE04EC0-301F-11D3-BF4B-00C04F79EFBC}") = "EagleBank.API", "EagleBank.API\EagleBank.API.csproj", "{FA604777-7840-48D0-9EF8-E6614CA353EA}"
EndProject
Global
	GlobalSection(SolutionConfigurationPlatforms) = preSolution
		Debug|Any CPU = Debug|Any CPU
		Release|Any CPU = Release|Any CPU
	EndGlobalSection
	GlobalSection(ProjectConfigurationPlatforms) = postSolution
		{FA604777-7840-48D0-9EF8-E6614CA353EA}.Debug|Any CPU.ActiveCfg = Debug|Any CPU
		{FA604777-7840-48D0-9EF8-E6614CA353EA}.Debug|Any CPU.Build.0 = Debug|Any CPU
		{FA604777-7840-48D0-9EF8-E6614CA353EA}.Release|Any CPU.ActiveCfg = Release|Any CPU
		{FA604777-7840-48D0-9EF8-E6614CA353EA}.Release|Any CPU.Build.0 = Release|Any CPU
	EndGlobalSection
	GlobalSection(SolutionProperties) = preSolution
		HideSolutionNode = FALSE
	EndGlobalSection
	GlobalSection(ExtensibilityGlobals) = postSolution
		SolutionGuid = {217EB6CD-73D7-4A78-A88C-42783FDF3FB1}
	EndGlobalSection
EndGlobal
